
Microsoft Visual Studio Solution File, Format Version 12.00
# Visual Studio 15
VisualStudioVersion = 15.0.28307.1778
MinimumVisualStudioVersion = 10.0.40219.1
Project("{FAE04EC0-301F-11D3-BF4B-00C04F79EFBC}") = "VisualStudio2017-CSharpGitDemoFinalAttempt", "VisualStudio2017-CSharpGitDemoFinalAttempt\VisualStudio2017-CSharpGitDemoFinalAttempt.csproj", "{C42F3C10-0F88-4935-AD5B-84D8CC15A254}"
EndProject
Global
	GlobalSection(SolutionConfigurationPlatforms) = preSolution
		Debug|Any CPU = Debug|Any CPU
		Release|Any CPU = Release|Any CPU
	EndGlobalSection
	GlobalSection(ProjectConfigurationPlatforms) = postSolution
		{C42F3C10-0F88-4935-AD5B-84D8CC15A254}.Debug|Any CPU.ActiveCfg = Debug|Any CPU
		{C42F3C10-0F88-4935-AD5B-84D8CC15A254}.Debug|Any CPU.Build.0 = Debug|Any CPU
		{C42F3C10-0F88-4935-AD5B-84D8CC15A254}.Release|Any CPU.ActiveCfg = Release|Any CPU
		{C42F3C10-0F88-4935-AD5B-84D8CC15A254}.Release|Any CPU.Build.0 = Release|Any CPU
	EndGlobalSection
	GlobalSection(SolutionProperties) = preSolution
		HideSolutionNode = FALSE
	EndGlobalSection
	GlobalSection(ExtensibilityGlobals) = postSolution
		SolutionGuid = {FBBDC539-C7A0-4727-877B-A2297BE2E8A6}
	EndGlobalSection
EndGlobal
